
Microsoft Visual Studio Solution File, Format Version 12.00
# Visual Studio Version 18
VisualStudioVersion = 18.4.11626.88
MinimumVisualStudioVersion = 10.0.40219.1
Project("{FAE04EC0-301F-11D3-BF4B-00C04F79EFBC}") = "GUI", "GUI\GUI.csproj", "{4A972DFC-14E1-40E5-8996-EBA03B3EAFE5}"
	ProjectSection(ProjectDependencies) = postProject
		{9B893465-DF84-4301-8F6E-D62355DD02FE} = {9B893465-DF84-4301-8F6E-D62355DD02FE}
		{D68BC72D-C1C9-493B-A460-D361CB1641A1} = {D68BC72D-C1C9-493B-A460-D361CB1641A1}
	EndProjectSection
EndProject
Project("{FAE04EC0-301F-11D3-BF4B-00C04F79EFBC}") = "BE", "BE\BE.csproj", "{9B893465-DF84-4301-8F6E-D62355DD02FE}"
EndProject
Project("{FAE04EC0-301F-11D3-BF4B-00C04F79EFBC}") = "BLL", "BLL\BLL.csproj", "{D68BC72D-C1C9-493B-A460-D361CB1641A1}"
	ProjectSection(ProjectDependencies) = postProject
		{6D30AC80-974E-427B-A92F-F500F6328DC6} = {6D30AC80-974E-427B-A92F-F500F6328DC6}
		{9B893465-DF84-4301-8F6E-D62355DD02FE} = {9B893465-DF84-4301-8F6E-D62355DD02FE}
	EndProjectSection
EndProject
Project("{FAE04EC0-301F-11D3-BF4B-00C04F79EFBC}") = "DAL", "DAL\DAL.csproj", "{6D30AC80-974E-427B-A92F-F500F6328DC6}"
	ProjectSection(ProjectDependencies) = postProject
		{9B893465-DF84-4301-8F6E-D62355DD02FE} = {9B893465-DF84-4301-8F6E-D62355DD02FE}
	EndProjectSection
EndProject
Global
	GlobalSection(SolutionConfigurationPlatforms) = preSolution
		Debug|Any CPU = Debug|Any CPU
		Release|Any CPU = Release|Any CPU
	EndGlobalSection
	GlobalSection(ProjectConfigurationPlatforms) = postSolution
		{4A972DFC-14E1-40E5-8996-EBA03B3EAFE5}.Debug|Any CPU.ActiveCfg = Debug|Any CPU
		{4A972DFC-14E1-40E5-8996-EBA03B3EAFE5}.Debug|Any CPU.Build.0 = Debug|Any CPU
		{4A972DFC-14E1-40E5-8996-EBA03B3EAFE5}.Release|Any CPU.ActiveCfg = Release|Any CPU
		{4A972DFC-14E1-40E5-8996-EBA03B3EAFE5}.Release|Any CPU.Build.0 = Release|Any CPU
		{9B893465-DF84-4301-8F6E-D62355DD02FE}.Debug|Any CPU.ActiveCfg = Debug|Any CPU
		{9B893465-DF84-4301-8F6E-D62355DD02FE}.Debug|Any CPU.Build.0 = Debug|Any CPU
		{9B893465-DF84-4301-8F6E-D62355DD02FE}.Release|Any CPU.ActiveCfg = Release|Any CPU
		{9B893465-DF84-4301-8F6E-D62355DD02FE}.Release|Any CPU.Build.0 = Release|Any CPU
		{D68BC72D-C1C9-493B-A460-D361CB1641A1}.Debug|Any CPU.ActiveCfg = Debug|Any CPU
		{D68BC72D-C1C9-493B-A460-D361CB1641A1}.Debug|Any CPU.Build.0 = Debug|Any CPU
		{D68BC72D-C1C9-493B-A460-D361CB1641A1}.Release|Any CPU.ActiveCfg = Release|Any CPU
		{D68BC72D-C1C9-493B-A460-D361CB1641A1}.Release|Any CPU.Build.0 = Release|Any CPU
		{6D30AC80-974E-427B-A92F-F500F6328DC6}.Debug|Any CPU.ActiveCfg = Debug|Any CPU
		{6D30AC80-974E-427B-A92F-F500F6328DC6}.Debug|Any CPU.Build.0 = Debug|Any CPU
		{6D30AC80-974E-427B-A92F-F500F6328DC6}.Release|Any CPU.ActiveCfg = Release|Any CPU
		{6D30AC80-974E-427B-A92F-F500F6328DC6}.Release|Any CPU.Build.0 = Release|Any CPU
	EndGlobalSection
	GlobalSection(SolutionProperties) = preSolution
		HideSolutionNode = FALSE
	EndGlobalSection
	GlobalSection(ExtensibilityGlobals) = postSolution
		SolutionGuid = {05B278F8-53C1-4387-B725-70535923E97A}
	EndGlobalSection
EndGlobal
